
Microsoft Visual Studio Solution File, Format Version 12.00
# Visual Studio 15
VisualStudioVersion = 15.0.28010.0
MinimumVisualStudioVersion = 10.0.40219.1
Project("{9A19103F-16F7-4668-BE54-9A1E7A4F7556}") = "Polymorphism", "Polymorphism\Polymorphism.csproj", "{EA08154D-2D04-439B-A33A-9B1C7ABF05AD}"
EndProject
Project("{9A19103F-16F7-4668-BE54-9A1E7A4F7556}") = "ConcurrentAsync", "ConcurrentAsync\ConcurrentAsync.csproj", "{96007CC9-D16D-43D3-B7C3-31D550C8AF50}"
EndProject
Project("{FAE04EC0-301F-11D3-BF4B-00C04F79EFBC}") = "EventDelegate", "EventDelegate\EventDelegate.csproj", "{EC437EAC-5614-4122-AFD4-64386FA94564}"
EndProject
Global
	GlobalSection(SolutionConfigurationPlatforms) = preSolution
		Debug|Any CPU = Debug|Any CPU
		Release|Any CPU = Release|Any CPU
	EndGlobalSection
	GlobalSection(ProjectConfigurationPlatforms) = postSolution
		{EA08154D-2D04-439B-A33A-9B1C7ABF05AD}.Debug|Any CPU.ActiveCfg = Debug|Any CPU
		{EA08154D-2D04-439B-A33A-9B1C7ABF05AD}.Debug|Any CPU.Build.0 = Debug|Any CPU
		{EA08154D-2D04-439B-A33A-9B1C7ABF05AD}.Release|Any CPU.ActiveCfg = Release|Any CPU
		{EA08154D-2D04-439B-A33A-9B1C7ABF05AD}.Release|Any CPU.Build.0 = Release|Any CPU
		{96007CC9-D16D-43D3-B7C3-31D550C8AF50}.Debug|Any CPU.ActiveCfg = Debug|Any CPU
		{96007CC9-D16D-43D3-B7C3-31D550C8AF50}.Debug|Any CPU.Build.0 = Debug|Any CPU
		{96007CC9-D16D-43D3-B7C3-31D550C8AF50}.Release|Any CPU.ActiveCfg = Release|Any CPU
		{96007CC9-D16D-43D3-B7C3-31D550C8AF50}.Release|Any CPU.Build.0 = Release|Any CPU
		{EC437EAC-5614-4122-AFD4-64386FA94564}.Debug|Any CPU.ActiveCfg = Debug|Any CPU
		{EC437EAC-5614-4122-AFD4-64386FA94564}.Debug|Any CPU.Build.0 = Debug|Any CPU
		{EC437EAC-5614-4122-AFD4-64386FA94564}.Release|Any CPU.ActiveCfg = Release|Any CPU
		{EC437EAC-5614-4122-AFD4-64386FA94564}.Release|Any CPU.Build.0 = Release|Any CPU
	EndGlobalSection
	GlobalSection(SolutionProperties) = preSolution
		HideSolutionNode = FALSE
	EndGlobalSection
	GlobalSection(ExtensibilityGlobals) = postSolution
		SolutionGuid = {B8C6F0B9-F21B-456B-A5E4-DA277F1B523F}
	EndGlobalSection
EndGlobal
